<?xml version="1.0" encoding="utf-8"?>
<Project ToolsVersion="4.0" xmlns="http://schemas.microsoft.com/developer/msbuild/2003">
  <ItemGroup>
    <Filter Include="리소스 파일">
      <UniqueIdentifier>{67DA6AB6-F800-4c08-8B7A-83BB121AAD01}</UniqueIdentifier>
      <Extensions>rc;ico;cur;bmp;dlg;rc2;rct;bin;rgs;gif;jpg;jpeg;jpe;resx;tiff;tif;png;wav;mfcribbon-ms</Extensions>
    </Filter>
    <Filter Include="Classes">
      <UniqueIdentifier>{2cfa8205-ec53-4124-873a-b42a2be1a257}</UniqueIdentifier>
    </Filter>
    <Filter Include="Classes\Global">
      <UniqueIdentifier>{891891de-f54c-45d4-9728-49a06ec4a292}</UniqueIdentifier>
    </Filter>
    <Filter Include="Classes\Global\Define">
      <UniqueIdentifier>{ac15591f-a7c1-41fd-a19b-2636306151b7}</UniqueIdentifier>
    </Filter>
    <Filter Include="Classes\Practice_02 %28변수/상수%29">
      <UniqueIdentifier>{cfe719fc-3ae9-42ad-aa63-b34b08ce7666}</UniqueIdentifier>
    </Filter>
    <Filter Include="Classes\Practice_01 %28C 기초%29">
      <UniqueIdentifier>{5c62e648-187a-421c-b112-69d5d3da66dc}</UniqueIdentifier>
    </Filter>
    <Filter Include="Classes\Practice_04 %28조건문%29">
      <UniqueIdentifier>{7f6caa40-ed96-4955-adcc-38d002910278}</UniqueIdentifier>
    </Filter>
    <Filter Include="Classes\Practice_05 %28반복문%29">
      <UniqueIdentifier>{10703c8b-5650-462e-8b80-59898de00be6}</UniqueIdentifier>
    </Filter>
    <Filter Include="Classes\Practice_06 %28배열%29">
      <UniqueIdentifier>{ef1a3ba3-2ab4-475f-9c02-aed79eadc7e9}</UniqueIdentifier>
    </Filter>
    <Filter Include="Classes\Practice_07 %28함수%29">
      <UniqueIdentifier>{772a61ea-256e-439c-ab16-9686bc0fab6a}</UniqueIdentifier>
    </Filter>
    <Filter Include="Classes\Practice_08 %28포인터%29">
      <UniqueIdentifier>{6948d06a-6de2-4e15-9406-2cc5edb39e01}</UniqueIdentifier>
    </Filter>
    <Filter Include="Classes\Practice_09 %28사용자 정의 자료형%29">
      <UniqueIdentifier>{42b241f4-31dd-47c1-a017-6fc1c8a8e166}</UniqueIdentifier>
    </Filter>
    <Filter Include="Classes\Practice_10 %28동적 할당%29">
      <UniqueIdentifier>{7c04dcbc-30ce-4f49-b799-b57e404be853}</UniqueIdentifier>
    </Filter>
  </ItemGroup>
  <ItemGroup>
    <ClInclude Include="Classes\Global\Define\KGDefine.h">
      <Filter>Classes\Global\Define</Filter>
    </ClInclude>
    <ClInclude Include="Classes\Practice_02\Practice_02.h">
      <Filter>Classes\Practice_02 %28변수/상수%29</Filter>
    </ClInclude>
    <ClInclude Include="Classes\Practice_01\Practice_01.h">
      <Filter>Classes\Practice_01 %28C 기초%29</Filter>
    </ClInclude>
    <ClInclude Include="Classes\Practice_04\Practice_04.h">
      <Filter>Classes\Practice_04 %28조건문%29</Filter>
    </ClInclude>
    <ClInclude Include="Classes\Practice_05\Practice_05.h">
      <Filter>Classes\Practice_05 %28반복문%29</Filter>
    </ClInclude>
    <ClInclude Include="Classes\Practice_06\Practice_06.h">
      <Filter>Classes\Practice_06 %28배열%29</Filter>
    </ClInclude>
    <ClInclude Include="Classes\Practice_07\Practice_07.h">
      <Filter>Classes\Practice_07 %28함수%29</Filter>
    </ClInclude>
    <ClInclude Include="Classes\Practice_08\Practice_08.h">
      <Filter>Classes\Practice_08 %28포인터%29</Filter>
    </ClInclude>
    <ClInclude Include="Classes\Practice_09\Practice_09.h">
      <Filter>Classes\Practice_09 %28사용자 정의 자료형%29</Filter>
    </ClInclude>
    <ClInclude Include="Classes\Practice_10\Practice_10.h">
      <Filter>Classes\Practice_10 %28동적 할당%29</Filter>
    </ClInclude>
  </ItemGroup>
  <ItemGroup>
    <ClCompile Include="Classes\Practice_02\Practice_02.cpp">
      <Filter>Classes\Practice_02 %28변수/상수%29</Filter>
    </ClCompile>
    <ClCompile Include="Classes\Practice_01\Practice_01.cpp">
      <Filter>Classes\Practice_01 %28C 기초%29</Filter>
    </ClCompile>
    <ClCompile Include="Classes\Practice_04\Practice_04.cpp">
      <Filter>Classes\Practice_04 %28조건문%29</Filter>
    </ClCompile>
    <ClCompile Include="Classes\Practice_05\Practice_05.cpp">
      <Filter>Classes\Practice_05 %28반복문%29</Filter>
    </ClCompile>
    <ClCompile Include="Classes\Practice_06\Practice_06.cpp">
      <Filter>Classes\Practice_06 %28배열%29</Filter>
    </ClCompile>
    <ClCompile Include="Classes\Practice_07\Practice_07.cpp">
      <Filter>Classes\Practice_07 %28함수%29</Filter>
    </ClCompile>
    <ClCompile Include="Classes\Practice.cpp">
      <Filter>Classes</Filter>
    </ClCompile>
    <ClCompile Include="Classes\Practice_08\Practice_08.cpp">
      <Filter>Classes\Practice_08 %28포인터%29</Filter>
    </ClCompile>
    <ClCompile Include="Classes\Practice_09\Practice_09.cpp">
      <Filter>Classes\Practice_09 %28사용자 정의 자료형%29</Filter>
    </ClCompile>
    <ClCompile Include="Classes\Practice_10\Practice_10.cpp">
      <Filter>Classes\Practice_10 %28동적 할당%29</Filter>
    </ClCompile>
  </ItemGroup>
</Project>